
Microsoft Visual Studio Solution File, Format Version 12.00
# Visual Studio 15
VisualStudioVersion = 15.0.27004.2008
MinimumVisualStudioVersion = 10.0.40219.1
Project("{FAE04EC0-301F-11D3-BF4B-00C04F79EFBC}") = "ChefWithWindowsForm", "ChefWithWindowsForm\ChefWithWindowsForm.csproj", "{06EA233A-1DC6-488F-8D37-D48E50DA52A9}"
EndProject
Project("{FAE04EC0-301F-11D3-BF4B-00C04F79EFBC}") = "ChefWithWindowsFormTests3", "ChefWithWindowsFormTests3\ChefWithWindowsFormTests3.csproj", "{233D0299-0823-49DA-899B-1C69659779E1}"
EndProject
Global
	GlobalSection(SolutionConfigurationPlatforms) = preSolution
		Debug|Any CPU = Debug|Any CPU
		Release|Any CPU = Release|Any CPU
	EndGlobalSection
	GlobalSection(ProjectConfigurationPlatforms) = postSolution
		{06EA233A-1DC6-488F-8D37-D48E50DA52A9}.Debug|Any CPU.ActiveCfg = Debug|Any CPU
		{06EA233A-1DC6-488F-8D37-D48E50DA52A9}.Debug|Any CPU.Build.0 = Debug|Any CPU
		{06EA233A-1DC6-488F-8D37-D48E50DA52A9}.Release|Any CPU.ActiveCfg = Release|Any CPU
		{06EA233A-1DC6-488F-8D37-D48E50DA52A9}.Release|Any CPU.Build.0 = Release|Any CPU
		{233D0299-0823-49DA-899B-1C69659779E1}.Debug|Any CPU.ActiveCfg = Debug|Any CPU
		{233D0299-0823-49DA-899B-1C69659779E1}.Debug|Any CPU.Build.0 = Debug|Any CPU
		{233D0299-0823-49DA-899B-1C69659779E1}.Release|Any CPU.ActiveCfg = Release|Any CPU
		{233D0299-0823-49DA-899B-1C69659779E1}.Release|Any CPU.Build.0 = Release|Any CPU
	EndGlobalSection
	GlobalSection(SolutionProperties) = preSolution
		HideSolutionNode = FALSE
	EndGlobalSection
	GlobalSection(ExtensibilityGlobals) = postSolution
		SolutionGuid = {2EEF1D57-CD79-4739-B629-F9326B3E9328}
	EndGlobalSection
EndGlobal
